# This file is automatically @generated by Cargo.
# It is not intended for manual editing.
[[package]]
name = "ampere"
version = "0.1.0"
dependencies = [
 "trees",
]

[[package]]
name = "indexed"
version = "0.2.0"
source = "registry+https://github.com/rust-lang/crates.io-index"
checksum = "64d9ca77b99ee70a9251b23d3a5167336665b91addfdd52381cf13d3693427e6"

[[package]]
name = "trees"
version = "0.3.0"
source = "registry+https://github.com/rust-lang/crates.io-index"
checksum = "1fcd12c7f693050b0724c2b7d678c62ae8370554b33267702d5adf4b4fa116fb"
dependencies = [
 "indexed",
]
